// !$*UTF8*$!
{
	archiveVersion = 1;
	classes = {
	};
	objectVersion = 46;
	objects = {

/* Begin PBXBuildFile section */
		A30CE7DD19D10523001F4EEA /* AlbertEinsteinStamp.jpg in Resources */ = {isa = PBXBuildFile; fileRef = A30CE7DC19D10523001F4EEA /* AlbertEinsteinStamp.jpg */; };
		A3461F6D19D0F8740058E856 /* AppDelegate.swift in Sources */ = {isa = PBXBuildFile; fileRef = A3461F6C19D0F8740058E856 /* AppDelegate.swift */; };
		A3461F6F19D0F8740058E856 /* ViewController.swift in Sources */ = {isa = PBXBuildFile; fileRef = A3461F6E19D0F8740058E856 /* ViewController.swift */; };
		A3461F7219D0F8740058E856 /* Main.storyboard in Resources */ = {isa = PBXBuildFile; fileRef = A3461F7019D0F8740058E856 /* Main.storyboard */; };
		A3461F7419D0F8740058E856 /* Images.xcassets in Resources */ = {isa = PBXBuildFile; fileRef = A3461F7319D0F8740058E856 /* Images.xcassets */; };
		A3461F7719D0F8740058E856 /* LaunchScreen.xib in Resources */ = {isa = PBXBuildFile; fileRef = A3461F7519D0F8740058E856 /* LaunchScreen.xib */; };
		A3461F8319D0F8740058E856 /* PostcardTests.swift in Sources */ = {isa = PBXBuildFile; fileRef = A3461F8219D0F8740058E856 /* PostcardTests.swift */; };
		A3461F8D19D1007E0058E856 /* SagradaFamilia.jpeg in Resources */ = {isa = PBXBuildFile; fileRef = A3461F8C19D1007E0058E856 /* SagradaFamilia.jpeg */; };
/* End PBXBuildFile section */

/* Begin PBXContainerItemProxy section */
		A3461F7D19D0F8740058E856 /* PBXContainerItemProxy */ = {
			isa = PBXContainerItemProxy;
			containerPortal = A3461F5F19D0F8740058E856 /* Project object */;
			proxyType = 1;
			remoteGlobalIDString = A3461F6619D0F8740058E856;
			remoteInfo = Postcard;
		};
/* End PBXContainerItemProxy section */

/* Begin PBXFileReference section */
		A30CE7DC19D10523001F4EEA /* AlbertEinsteinStamp.jpg */ = {isa = PBXFileReference; lastKnownFileType = image.jpeg; path = AlbertEinsteinStamp.jpg; sourceTree = "<group>"; };
		A3461F6719D0F8740058E856 /* Postcard.app */ = {isa = PBXFileReference; explicitFileType = wrapper.application; includeInIndex = 0; path = Postcard.app; sourceTree = BUILT_PRODUCTS_DIR; };
		A3461F6B19D0F8740058E856 /* Info.plist */ = {isa = PBXFileReference; lastKnownFileType = text.plist.xml; path = Info.plist; sourceTree = "<group>"; };
		A3461F6C19D0F8740058E856 /* AppDelegate.swift */ = {isa = PBXFileReference; lastKnownFileType = sourcecode.swift; path = AppDelegate.swift; sourceTree = "<group>"; };
		A3461F6E19D0F8740058E856 /* ViewController.swift */ = {isa = PBXFileReference; lastKnownFileType = sourcecode.swift; path = ViewController.swift; sourceTree = "<group>"; };
		A3461F7119D0F8740058E856 /* Base */ = {isa = PBXFileReference; lastKnownFileType = file.storyboard; name = Base; path = Base.lproj/Main.storyboard; sourceTree = "<group>"; };
		A3461F7319D0F8740058E856 /* Images.xcassets */ = {isa = PBXFileReference; lastKnownFileType = folder.assetcatalog; path = Images.xcassets; sourceTree = "<group>"; };
		A3461F7619D0F8740058E856 /* Base */ = {isa = PBXFileReference; lastKnownFileType = file.xib; name = Base; path = Base.lproj/LaunchScreen.xib; sourceTree = "<group>"; };
		A3461F7C19D0F8740058E856 /* PostcardTests.xctest */ = {isa = PBXFileReference; explicitFileType = wrapper.cfbundle; includeInIndex = 0; path = PostcardTests.xctest; sourceTree = BUILT_PRODUCTS_DIR; };
		A3461F8119D0F8740058E856 /* Info.plist */ = {isa = PBXFileReference; lastKnownFileType = text.plist.xml; path = Info.plist; sourceTree = "<group>"; };
		A3461F8219D0F8740058E856 /* PostcardTests.swift */ = {isa = PBXFileReference; lastKnownFileType = sourcecode.swift; path = PostcardTests.swift; sourceTree = "<group>"; };
		A3461F8C19D1007E0058E856 /* SagradaFamilia.jpeg */ = {isa = PBXFileReference; lastKnownFileType = image.jpeg; path = SagradaFamilia.jpeg; sourceTree = "<group>"; };
/* End PBXFileReference section */

/* Begin PBXFrameworksBuildPhase section */
		A3461F6419D0F8740058E856 /* Frameworks */ = {
			isa = PBXFrameworksBuildPhase;
			buildActionMask = 2147483647;
			files = (
			);
			runOnlyForDeploymentPostprocessing = 0;
		};
		A3461F7919D0F8740058E856 /* Frameworks */ = {
			isa = PBXFrameworksBuildPhase;
			buildActionMask = 2147483647;
			files = (
			);
			runOnlyForDeploymentPostprocessing = 0;
		};
/* End PBXFrameworksBuildPhase section */

/* Begin PBXGroup section */
		A3461F5E19D0F8740058E856 = {
			isa = PBXGroup;
			children = (
				A3461F6919D0F8740058E856 /* Postcard */,
				A3461F7F19D0F8740058E856 /* PostcardTests */,
				A3461F6819D0F8740058E856 /* Products */,
			);
			sourceTree = "<group>";
		};
		A3461F6819D0F8740058E856 /* Products */ = {
			isa = PBXGroup;
			children = (
				A3461F6719D0F8740058E856 /* Postcard.app */,
				A3461F7C19D0F8740058E856 /* PostcardTests.xctest */,
			);
			name = Products;
			sourceTree = "<group>";
		};
		A3461F6919D0F8740058E856 /* Postcard */ = {
			isa = PBXGroup;
			children = (
				A3461F6C19D0F8740058E856 /* AppDelegate.swift */,
				A3461F6E19D0F8740058E856 /* ViewController.swift */,
				A3461F7019D0F8740058E856 /* Main.storyboard */,
				A3461F7319D0F8740058E856 /* Images.xcassets */,
				A3461F7519D0F8740058E856 /* LaunchScreen.xib */,
				A3461F6A19D0F8740058E856 /* Supporting Files */,
			);
			path = Postcard;
			sourceTree = "<group>";
		};
		A3461F6A19D0F8740058E856 /* Supporting Files */ = {
			isa = PBXGroup;
			children = (
				A30CE7DC19D10523001F4EEA /* AlbertEinsteinStamp.jpg */,
				A3461F8C19D1007E0058E856 /* SagradaFamilia.jpeg */,
				A3461F6B19D0F8740058E856 /* Info.plist */,
			);
			name = "Supporting Files";
			sourceTree = "<group>";
		};
		A3461F7F19D0F8740058E856 /* PostcardTests */ = {
			isa = PBXGroup;
			children = (
				A3461F8219D0F8740058E856 /* PostcardTests.swift */,
				A3461F8019D0F8740058E856 /* Supporting Files */,
			);
			path = PostcardTests;
			sourceTree = "<group>";
		};
		A3461F8019D0F8740058E856 /* Supporting Files */ = {
			isa = PBXGroup;
			children = (
				A3461F8119D0F8740058E856 /* Info.plist */,
			);
			name = "Supporting Files";
			sourceTree = "<group>";
		};
/* End PBXGroup section */

/* Begin PBXNativeTarget section */
		A3461F6619D0F8740058E856 /* Postcard */ = {
			isa = PBXNativeTarget;
			buildConfigurationList = A3461F8619D0F8740058E856 /* Build configuration list for PBXNativeTarget "Postcard" */;
			buildPhases = (
				A3461F6319D0F8740058E856 /* Sources */,
				A3461F6419D0F8740058E856 /* Frameworks */,
				A3461F6519D0F8740058E856 /* Resources */,
			);
			buildRules = (
			);
			dependencies = (
			);
			name = Postcard;
			productName = Postcard;
			productReference = A3461F6719D0F8740058E856 /* Postcard.app */;
			productType = "com.apple.product-type.application";
		};
		A3461F7B19D0F8740058E856 /* PostcardTests */ = {
			isa = PBXNativeTarget;
			buildConfigurationList = A3461F8919D0F8740058E856 /* Build configuration list for PBXNativeTarget "PostcardTests" */;
			buildPhases = (
				A3461F7819D0F8740058E856 /* Sources */,
				A3461F7919D0F8740058E856 /* Frameworks */,
				A3461F7A19D0F8740058E856 /* Resources */,
			);
			buildRules = (
			);
			dependencies = (
				A3461F7E19D0F8740058E856 /* PBXTargetDependency */,
			);
			name = PostcardTests;
			productName = PostcardTests;
			productReference = A3461F7C19D0F8740058E856 /* PostcardTests.xctest */;
			productType = "com.apple.product-type.bundle.unit-test";
		};
/* End PBXNativeTarget section */

/* Begin PBXProject section */
		A3461F5F19D0F8740058E856 /* Project object */ = {
			isa = PBXProject;
			attributes = {
				LastUpgradeCheck = 0600;
				ORGANIZATIONNAME = Jamestown;
				TargetAttributes = {
					A3461F6619D0F8740058E856 = {
						CreatedOnToolsVersion = 6.0.1;
					};
					A3461F7B19D0F8740058E856 = {
						CreatedOnToolsVersion = 6.0.1;
						TestTargetID = A3461F6619D0F8740058E856;
					};
				};
			};
			buildConfigurationList = A3461F6219D0F8740058E856 /* Build configuration list for PBXProject "Postcard" */;
			compatibilityVersion = "Xcode 3.2";
			developmentRegion = English;
			hasScannedForEncodings = 0;
			knownRegions = (
				en,
				Base,
			);
			mainGroup = A3461F5E19D0F8740058E856;
			productRefGroup = A3461F6819D0F8740058E856 /* Products */;
			projectDirPath = "";
			projectRoot = "";
			targets = (
				A3461F6619D0F8740058E856 /* Postcard */,
				A3461F7B19D0F8740058E856 /* PostcardTests */,
			);
		};
/* End PBXProject section */

/* Begin PBXResourcesBuildPhase section */
		A3461F6519D0F8740058E856 /* Resources */ = {
			isa = PBXResourcesBuildPhase;
			buildActionMask = 2147483647;
			files = (
				A3461F7219D0F8740058E856 /* Main.storyboard in Resources */,
				A3461F8D19D1007E0058E856 /* SagradaFamilia.jpeg in Resources */,
				A30CE7DD19D10523001F4EEA /* AlbertEinsteinStamp.jpg in Resources */,
				A3461F7719D0F8740058E856 /* LaunchScreen.xib in Resources */,
				A3461F7419D0F8740058E856 /* Images.xcassets in Resources */,
			);
			runOnlyForDeploymentPostprocessing = 0;
		};
		A3461F7A19D0F8740058E856 /* Resources */ = {
			isa = PBXResourcesBuildPhase;
			buildActionMask = 2147483647;
			files = (
			);
			runOnlyForDeploymentPostprocessing = 0;
		};
/* End PBXResourcesBuildPhase section */

/* Begin PBXSourcesBuildPhase section */
		A3461F6319D0F8740058E856 /* Sources */ = {
			isa = PBXSourcesBuildPhase;
			buildActionMask = 2147483647;
			files = (
				A3461F6F19D0F8740058E856 /* ViewController.swift in Sources */,
				A3461F6D19D0F8740058E856 /* AppDelegate.swift in Sources */,
			);
			runOnlyForDeploymentPostprocessing = 0;
		};
		A3461F7819D0F8740058E856 /* Sources */ = {
			isa = PBXSourcesBuildPhase;
			buildActionMask = 2147483647;
			files = (
				A3461F8319D0F8740058E856 /* PostcardTests.swift in Sources */,
			);
			runOnlyForDeploymentPostprocessing = 0;
		};
/* End PBXSourcesBuildPhase section */

/* Begin PBXTargetDependency section */
		A3461F7E19D0F8740058E856 /* PBXTargetDependency */ = {
			isa = PBXTargetDependency;
			target = A3461F6619D0F8740058E856 /* Postcard */;
			targetProxy = A3461F7D19D0F8740058E856 /* PBXContainerItemProxy */;
		};
/* End PBXTargetDependency section */

/* Begin PBXVariantGroup section */
		A3461F7019D0F8740058E856 /* Main.storyboard */ = {
			isa = PBXVariantGroup;
			children = (
				A3461F7119D0F8740058E856 /* Base */,
			);
			name = Main.storyboard;
			sourceTree = "<group>";
		};
		A3461F7519D0F8740058E856 /* LaunchScreen.xib */ = {
			isa = PBXVariantGroup;
			children = (
				A3461F7619D0F8740058E856 /* Base */,
			);
			name = LaunchScreen.xib;
			sourceTree = "<group>";
		};
/* End PBXVariantGroup section */

/* Begin XCBuildConfiguration section */
		A3461F8419D0F8740058E856 /* Debug */ = {
			isa = XCBuildConfiguration;
			buildSettings = {
				ALWAYS_SEARCH_USER_PATHS = NO;
				CLANG_CXX_LANGUAGE_STANDARD = "gnu++0x";
				CLANG_CXX_LIBRARY = "libc++";
				CLANG_ENABLE_MODULES = YES;
				CLANG_ENABLE_OBJC_ARC = YES;
				CLANG_WARN_BOOL_CONVERSION = YES;
				CLANG_WARN_CONSTANT_CONVERSION = YES;
				CLANG_WARN_DIRECT_OBJC_ISA_USAGE = YES_ERROR;
				CLANG_WARN_EMPTY_BODY = YES;
				CLANG_WARN_ENUM_CONVERSION = YES;
				CLANG_WARN_INT_CONVERSION = YES;
				CLANG_WARN_OBJC_ROOT_CLASS = YES_ERROR;
				CLANG_WARN_UNREACHABLE_CODE = YES;
				CLANG_WARN__DUPLICATE_METHOD_MATCH = YES;
				"CODE_SIGN_IDENTITY[sdk=iphoneos*]" = "iPhone Developer";
				COPY_PHASE_STRIP = NO;
				ENABLE_STRICT_OBJC_MSGSEND = YES;
				GCC_C_LANGUAGE_STANDARD = gnu99;
				GCC_DYNAMIC_NO_PIC = NO;
				GCC_OPTIMIZATION_LEVEL = 0;
				GCC_PREPROCESSOR_DEFINITIONS = (
					"DEBUG=1",
					"$(inherited)",
				);
				GCC_SYMBOLS_PRIVATE_EXTERN = NO;
				GCC_WARN_64_TO_32_BIT_CONVERSION = YES;
				GCC_WARN_ABOUT_RETURN_TYPE = YES_ERROR;
				GCC_WARN_UNDECLARED_SELECTOR = YES;
				GCC_WARN_UNINITIALIZED_AUTOS = YES_AGGRESSIVE;
				GCC_WARN_UNUSED_FUNCTION = YES;
				GCC_WARN_UNUSED_VARIABLE = YES;
				IPHONEOS_DEPLOYMENT_TARGET = 8.0;
				MTL_ENABLE_DEBUG_INFO = YES;
				ONLY_ACTIVE_ARCH = YES;
				SDKROOT = iphoneos;
				SWIFT_OPTIMIZATION_LEVEL = "-Onone";
			};
			name = Debug;
		};
		A3461F8519D0F8740058E856 /* Release */ = {
			isa = XCBuildConfiguration;
			buildSettings = {
				ALWAYS_SEARCH_USER_PATHS = NO;
				CLANG_CXX_LANGUAGE_STANDARD = "gnu++0x";
				CLANG_CXX_LIBRARY = "libc++";
				CLANG_ENABLE_MODULES = YES;
				CLANG_ENABLE_OBJC_ARC = YES;
				CLANG_WARN_BOOL_CONVERSION = YES;
				CLANG_WARN_CONSTANT_CONVERSION = YES;
				CLANG_WARN_DIRECT_OBJC_ISA_USAGE = YES_ERROR;
				CLANG_WARN_EMPTY_BODY = YES;
				CLANG_WARN_ENUM_CONVERSION = YES;
				CLANG_WARN_INT_CONVERSION = YES;
				CLANG_WARN_OBJC_ROOT_CLASS = YES_ERROR;
				CLANG_WARN_UNREACHABLE_CODE = YES;
				CLANG_WARN__DUPLICATE_METHOD_MATCH = YES;
				"CODE_SIGN_IDENTITY[sdk=iphoneos*]" = "iPhone Developer";
				COPY_PHASE_STRIP = YES;
				ENABLE_NS_ASSERTIONS = NO;
				ENABLE_STRICT_OBJC_MSGSEND = YES;
				GCC_C_LANGUAGE_STANDARD = gnu99;
				GCC_WARN_64_TO_32_BIT_CONVERSION = YES;
				GCC_WARN_ABOUT_RETURN_TYPE = YES_ERROR;
				GCC_WARN_UNDECLARED_SELECTOR = YES;
				GCC_WARN_UNINITIALIZED_AUTOS = YES_AGGRESSIVE;
				GCC_WARN_UNUSED_FUNCTION = YES;
				GCC_WARN_UNUSED_VARIABLE = YES;
				IPHONEOS_DEPLOYMENT_TARGET = 8.0;
				MTL_ENABLE_DEBUG_INFO = NO;
				SDKROOT = iphoneos;
				VALIDATE_PRODUCT = YES;
			};
			name = Release;
		};
		A3461F8719D0F8740058E856 /* Debug */ = {
			isa = XCBuildConfiguration;
			buildSettings = {
				ASSETCATALOG_COMPILER_APPICON_NAME = AppIcon;
				INFOPLIST_FILE = Postcard/Info.plist;
				LD_RUNPATH_SEARCH_PATHS = "$(inherited) @executable_path/Frameworks";
				PRODUCT_NAME = "$(TARGET_NAME)";
			};
			name = Debug;
		};
		A3461F8819D0F8740058E856 /* Release */ = {
			isa = XCBuildConfiguration;
			buildSettings = {
				ASSETCATALOG_COMPILER_APPICON_NAME = AppIcon;
				INFOPLIST_FILE = Postcard/Info.plist;
				LD_RUNPATH_SEARCH_PATHS = "$(inherited) @executable_path/Frameworks";
				PRODUCT_NAME = "$(TARGET_NAME)";
			};
			name = Release;
		};
		A3461F8A19D0F8740058E856 /* Debug */ = {
			isa = XCBuildConfiguration;
			buildSettings = {
				BUNDLE_LOADER = "$(TEST_HOST)";
				FRAMEWORK_SEARCH_PATHS = (
					"$(SDKROOT)/Developer/Library/Frameworks",
					"$(inherited)",
				);
				GCC_PREPROCESSOR_DEFINITIONS = (
					"DEBUG=1",
					"$(inherited)",
				);
				INFOPLIST_FILE = PostcardTests/Info.plist;
				LD_RUNPATH_SEARCH_PATHS = "$(inherited) @executable_path/Frameworks @loader_path/Frameworks";
				PRODUCT_NAME = "$(TARGET_NAME)";
				TEST_HOST = "$(BUILT_PRODUCTS_DIR)/Postcard.app/Postcard";
			};
			name = Debug;
		};
		A3461F8B19D0F8740058E856 /* Release */ = {
			isa = XCBuildConfiguration;
			buildSettings = {
				BUNDLE_LOADER = "$(TEST_HOST)";
				FRAMEWORK_SEARCH_PATHS = (
					"$(SDKROOT)/Developer/Library/Frameworks",
					"$(inherited)",
				);
				INFOPLIST_FILE = PostcardTests/Info.plist;
				LD_RUNPATH_SEARCH_PATHS = "$(inherited) @executable_path/Frameworks @loader_path/Frameworks";
				PRODUCT_NAME = "$(TARGET_NAME)";
				TEST_HOST = "$(BUILT_PRODUCTS_DIR)/Postcard.app/Postcard";
			};
			name = Release;
		};
/* End XCBuildConfiguration section */

/* Begin XCConfigurationList section */
		A3461F6219D0F8740058E856 /* Build configuration list for PBXProject "Postcard" */ = {
			isa = XCConfigurationList;
			buildConfigurations = (
				A3461F8419D0F8740058E856 /* Debug */,
				A3461F8519D0F8740058E856 /* Release */,
			);
			defaultConfigurationIsVisible = 0;
			defaultConfigurationName = Release;
		};
		A3461F8619D0F8740058E856 /* Build configuration list for PBXNativeTarget "Postcard" */ = {
			isa = XCConfigurationList;
			buildConfigurations = (
				A3461F8719D0F8740058E856 /* Debug */,
				A3461F8819D0F8740058E856 /* Release */,
			);
			defaultConfigurationIsVisible = 0;
			defaultConfigurationName = Release;
		};
		A3461F8919D0F8740058E856 /* Build configuration list for PBXNativeTarget "PostcardTests" */ = {
			isa = XCConfigurationList;
			buildConfigurations = (
				A3461F8A19D0F8740058E856 /* Debug */,
				A3461F8B19D0F8740058E856 /* Release */,
			);
			defaultConfigurationIsVisible = 0;
			defaultConfigurationName = Release;
		};
/* End XCConfigurationList section */
	};
	rootObject = A3461F5F19D0F8740058E856 /* Project object */;
}
